
Microsoft Visual Studio Solution File, Format Version 12.00
# Visual Studio Version 17
VisualStudioVersion = 17.0.31903.59
MinimumVisualStudioVersion = 10.0.40219.1
Project("{2150E333-8FDC-42A3-9474-1A3956D46DE8}") = "src", "src", "{827E0CD3-B72D-47B6-A68D-7590B98EB39B}"
EndProject
Project("{FAE04EC0-301F-11D3-BF4B-00C04F79EFBC}") = "Portion.Domain", "src\Portion.Domain\Portion.Domain.csproj", "{AC1726E6-E1DA-45AF-BD40-20E7602A22E0}"
EndProject
Project("{FAE04EC0-301F-11D3-BF4B-00C04F79EFBC}") = "Portion.Application", "src\Portion.Application\Portion.Application.csproj", "{4CCAC5AB-B80B-4C70-B899-A48FB46D9D10}"
EndProject
Project("{FAE04EC0-301F-11D3-BF4B-00C04F79EFBC}") = "Portion.Infrastructure", "src\Portion.Infrastructure\Portion.Infrastructure.csproj", "{219832CC-8BA8-4CA1-8B06-787EC5311BFA}"
EndProject
Project("{FAE04EC0-301F-11D3-BF4B-00C04F79EFBC}") = "Portion.Api", "src\Portion.Api\Portion.Api.csproj", "{29FDA15C-A183-4763-8623-789F63B1325B}"
EndProject
Project("{FAE04EC0-301F-11D3-BF4B-00C04F79EFBC}") = "Portion.Server", "Portion.Server\Portion.Server.csproj", "{CA594C3A-48B7-405F-B046-A39740E043E8}"
EndProject
Project("{2150E333-8FDC-42A3-9474-1A3956D46DE8}") = "tests", "tests", "{0AB3BF05-4346-4AA6-1389-037BE0695223}"
EndProject
Project("{FAE04EC0-301F-11D3-BF4B-00C04F79EFBC}") = "Portion.Domain.Tests", "tests\Portion.Domain.Tests\Portion.Domain.Tests.csproj", "{97E9859D-DC33-4BEC-9308-2E97A4400531}"
EndProject
Project("{FAE04EC0-301F-11D3-BF4B-00C04F79EFBC}") = "Portion.Application.Tests", "tests\Portion.Application.Tests\Portion.Application.Tests.csproj", "{99220196-0952-480D-95D4-E4A721CA717C}"
EndProject
Project("{FAE04EC0-301F-11D3-BF4B-00C04F79EFBC}") = "Portion.Api.Tests", "tests\Portion.Api.Tests\Portion.Api.Tests.csproj", "{4831B7EF-F643-4B01-B1A0-8120A74D07E7}"
EndProject
Global
	GlobalSection(SolutionConfigurationPlatforms) = preSolution
		Debug|Any CPU = Debug|Any CPU
		Debug|x64 = Debug|x64
		Debug|x86 = Debug|x86
		Release|Any CPU = Release|Any CPU
		Release|x64 = Release|x64
		Release|x86 = Release|x86
	EndGlobalSection
	GlobalSection(ProjectConfigurationPlatforms) = postSolution
		{AC1726E6-E1DA-45AF-BD40-20E7602A22E0}.Debug|Any CPU.ActiveCfg = Debug|Any CPU
		{AC1726E6-E1DA-45AF-BD40-20E7602A22E0}.Debug|Any CPU.Build.0 = Debug|Any CPU
		{AC1726E6-E1DA-45AF-BD40-20E7602A22E0}.Debug|x64.ActiveCfg = Debug|Any CPU
		{AC1726E6-E1DA-45AF-BD40-20E7602A22E0}.Debug|x64.Build.0 = Debug|Any CPU
		{AC1726E6-E1DA-45AF-BD40-20E7602A22E0}.Debug|x86.ActiveCfg = Debug|Any CPU
		{AC1726E6-E1DA-45AF-BD40-20E7602A22E0}.Debug|x86.Build.0 = Debug|Any CPU
		{AC1726E6-E1DA-45AF-BD40-20E7602A22E0}.Release|Any CPU.ActiveCfg = Release|Any CPU
		{AC1726E6-E1DA-45AF-BD40-20E7602A22E0}.Release|Any CPU.Build.0 = Release|Any CPU
		{AC1726E6-E1DA-45AF-BD40-20E7602A22E0}.Release|x64.ActiveCfg = Release|Any CPU
		{AC1726E6-E1DA-45AF-BD40-20E7602A22E0}.Release|x64.Build.0 = Release|Any CPU
		{AC1726E6-E1DA-45AF-BD40-20E7602A22E0}.Release|x86.ActiveCfg = Release|Any CPU
		{AC1726E6-E1DA-45AF-BD40-20E7602A22E0}.Release|x86.Build.0 = Release|Any CPU
		{4CCAC5AB-B80B-4C70-B899-A48FB46D9D10}.Debug|Any CPU.ActiveCfg = Debug|Any CPU
		{4CCAC5AB-B80B-4C70-B899-A48FB46D9D10}.Debug|Any CPU.Build.0 = Debug|Any CPU
		{4CCAC5AB-B80B-4C70-B899-A48FB46D9D10}.Debug|x64.ActiveCfg = Debug|Any CPU
		{4CCAC5AB-B80B-4C70-B899-A48FB46D9D10}.Debug|x64.Build.0 = Debug|Any CPU
		{4CCAC5AB-B80B-4C70-B899-A48FB46D9D10}.Debug|x86.ActiveCfg = Debug|Any CPU
		{4CCAC5AB-B80B-4C70-B899-A48FB46D9D10}.Debug|x86.Build.0 = Debug|Any CPU
		{4CCAC5AB-B80B-4C70-B899-A48FB46D9D10}.Release|Any CPU.ActiveCfg = Release|Any CPU
		{4CCAC5AB-B80B-4C70-B899-A48FB46D9D10}.Release|Any CPU.Build.0 = Release|Any CPU
		{4CCAC5AB-B80B-4C70-B899-A48FB46D9D10}.Release|x64.ActiveCfg = Release|Any CPU
		{4CCAC5AB-B80B-4C70-B899-A48FB46D9D10}.Release|x64.Build.0 = Release|Any CPU
		{4CCAC5AB-B80B-4C70-B899-A48FB46D9D10}.Release|x86.ActiveCfg = Release|Any CPU
		{4CCAC5AB-B80B-4C70-B899-A48FB46D9D10}.Release|x86.Build.0 = Release|Any CPU
		{219832CC-8BA8-4CA1-8B06-787EC5311BFA}.Debug|Any CPU.ActiveCfg = Debug|Any CPU
		{219832CC-8BA8-4CA1-8B06-787EC5311BFA}.Debug|Any CPU.Build.0 = Debug|Any CPU
		{219832CC-8BA8-4CA1-8B06-787EC5311BFA}.Debug|x64.ActiveCfg = Debug|Any CPU
		{219832CC-8BA8-4CA1-8B06-787EC5311BFA}.Debug|x64.Build.0 = Debug|Any CPU
		{219832CC-8BA8-4CA1-8B06-787EC5311BFA}.Debug|x86.ActiveCfg = Debug|Any CPU
		{219832CC-8BA8-4CA1-8B06-787EC5311BFA}.Debug|x86.Build.0 = Debug|Any CPU
		{219832CC-8BA8-4CA1-8B06-787EC5311BFA}.Release|Any CPU.ActiveCfg = Release|Any CPU
		{219832CC-8BA8-4CA1-8B06-787EC5311BFA}.Release|Any CPU.Build.0 = Release|Any CPU
		{219832CC-8BA8-4CA1-8B06-787EC5311BFA}.Release|x64.ActiveCfg = Release|Any CPU
		{219832CC-8BA8-4CA1-8B06-787EC5311BFA}.Release|x64.Build.0 = Release|Any CPU
		{219832CC-8BA8-4CA1-8B06-787EC5311BFA}.Release|x86.ActiveCfg = Release|Any CPU
		{219832CC-8BA8-4CA1-8B06-787EC5311BFA}.Release|x86.Build.0 = Release|Any CPU
		{29FDA15C-A183-4763-8623-789F63B1325B}.Debug|Any CPU.ActiveCfg = Debug|Any CPU
		{29FDA15C-A183-4763-8623-789F63B1325B}.Debug|Any CPU.Build.0 = Debug|Any CPU
		{29FDA15C-A183-4763-8623-789F63B1325B}.Debug|x64.ActiveCfg = Debug|Any CPU
		{29FDA15C-A183-4763-8623-789F63B1325B}.Debug|x64.Build.0 = Debug|Any CPU
		{29FDA15C-A183-4763-8623-789F63B1325B}.Debug|x86.ActiveCfg = Debug|Any CPU
		{29FDA15C-A183-4763-8623-789F63B1325B}.Debug|x86.Build.0 = Debug|Any CPU
		{29FDA15C-A183-4763-8623-789F63B1325B}.Release|Any CPU.ActiveCfg = Release|Any CPU
		{29FDA15C-A183-4763-8623-789F63B1325B}.Release|Any CPU.Build.0 = Release|Any CPU
		{29FDA15C-A183-4763-8623-789F63B1325B}.Release|x64.ActiveCfg = Release|Any CPU
		{29FDA15C-A183-4763-8623-789F63B1325B}.Release|x64.Build.0 = Release|Any CPU
		{29FDA15C-A183-4763-8623-789F63B1325B}.Release|x86.ActiveCfg = Release|Any CPU
		{29FDA15C-A183-4763-8623-789F63B1325B}.Release|x86.Build.0 = Release|Any CPU
		{CA594C3A-48B7-405F-B046-A39740E043E8}.Debug|Any CPU.ActiveCfg = Debug|Any CPU
		{CA594C3A-48B7-405F-B046-A39740E043E8}.Debug|Any CPU.Build.0 = Debug|Any CPU
		{CA594C3A-48B7-405F-B046-A39740E043E8}.Debug|x64.ActiveCfg = Debug|Any CPU
		{CA594C3A-48B7-405F-B046-A39740E043E8}.Debug|x64.Build.0 = Debug|Any CPU
		{CA594C3A-48B7-405F-B046-A39740E043E8}.Debug|x86.ActiveCfg = Debug|Any CPU
		{CA594C3A-48B7-405F-B046-A39740E043E8}.Debug|x86.Build.0 = Debug|Any CPU
		{CA594C3A-48B7-405F-B046-A39740E043E8}.Release|Any CPU.ActiveCfg = Release|Any CPU
		{CA594C3A-48B7-405F-B046-A39740E043E8}.Release|Any CPU.Build.0 = Release|Any CPU
		{CA594C3A-48B7-405F-B046-A39740E043E8}.Release|x64.ActiveCfg = Release|Any CPU
		{CA594C3A-48B7-405F-B046-A39740E043E8}.Release|x64.Build.0 = Release|Any CPU
		{CA594C3A-48B7-405F-B046-A39740E043E8}.Release|x86.ActiveCfg = Release|Any CPU
		{CA594C3A-48B7-405F-B046-A39740E043E8}.Release|x86.Build.0 = Release|Any CPU
		{97E9859D-DC33-4BEC-9308-2E97A4400531}.Debug|Any CPU.ActiveCfg = Debug|Any CPU
		{97E9859D-DC33-4BEC-9308-2E97A4400531}.Debug|Any CPU.Build.0 = Debug|Any CPU
		{97E9859D-DC33-4BEC-9308-2E97A4400531}.Debug|x64.ActiveCfg = Debug|Any CPU
		{97E9859D-DC33-4BEC-9308-2E97A4400531}.Debug|x64.Build.0 = Debug|Any CPU
		{97E9859D-DC33-4BEC-9308-2E97A4400531}.Debug|x86.ActiveCfg = Debug|Any CPU
		{97E9859D-DC33-4BEC-9308-2E97A4400531}.Debug|x86.Build.0 = Debug|Any CPU
		{97E9859D-DC33-4BEC-9308-2E97A4400531}.Release|Any CPU.ActiveCfg = Release|Any CPU
		{97E9859D-DC33-4BEC-9308-2E97A4400531}.Release|Any CPU.Build.0 = Release|Any CPU
		{97E9859D-DC33-4BEC-9308-2E97A4400531}.Release|x64.ActiveCfg = Release|Any CPU
		{97E9859D-DC33-4BEC-9308-2E97A4400531}.Release|x64.Build.0 = Release|Any CPU
		{97E9859D-DC33-4BEC-9308-2E97A4400531}.Release|x86.ActiveCfg = Release|Any CPU
		{97E9859D-DC33-4BEC-9308-2E97A4400531}.Release|x86.Build.0 = Release|Any CPU
		{99220196-0952-480D-95D4-E4A721CA717C}.Debug|Any CPU.ActiveCfg = Debug|Any CPU
		{99220196-0952-480D-95D4-E4A721CA717C}.Debug|Any CPU.Build.0 = Debug|Any CPU
		{99220196-0952-480D-95D4-E4A721CA717C}.Debug|x64.ActiveCfg = Debug|Any CPU
		{99220196-0952-480D-95D4-E4A721CA717C}.Debug|x64.Build.0 = Debug|Any CPU
		{99220196-0952-480D-95D4-E4A721CA717C}.Debug|x86.ActiveCfg = Debug|Any CPU
		{99220196-0952-480D-95D4-E4A721CA717C}.Debug|x86.Build.0 = Debug|Any CPU
		{99220196-0952-480D-95D4-E4A721CA717C}.Release|Any CPU.ActiveCfg = Release|Any CPU
		{99220196-0952-480D-95D4-E4A721CA717C}.Release|Any CPU.Build.0 = Release|Any CPU
		{99220196-0952-480D-95D4-E4A721CA717C}.Release|x64.ActiveCfg = Release|Any CPU
		{99220196-0952-480D-95D4-E4A721CA717C}.Release|x64.Build.0 = Release|Any CPU
		{99220196-0952-480D-95D4-E4A721CA717C}.Release|x86.ActiveCfg = Release|Any CPU
		{99220196-0952-480D-95D4-E4A721CA717C}.Release|x86.Build.0 = Release|Any CPU
		{4831B7EF-F643-4B01-B1A0-8120A74D07E7}.Debug|Any CPU.ActiveCfg = Debug|Any CPU
		{4831B7EF-F643-4B01-B1A0-8120A74D07E7}.Debug|Any CPU.Build.0 = Debug|Any CPU
		{4831B7EF-F643-4B01-B1A0-8120A74D07E7}.Debug|x64.ActiveCfg = Debug|Any CPU
		{4831B7EF-F643-4B01-B1A0-8120A74D07E7}.Debug|x64.Build.0 = Debug|Any CPU
		{4831B7EF-F643-4B01-B1A0-8120A74D07E7}.Debug|x86.ActiveCfg = Debug|Any CPU
		{4831B7EF-F643-4B01-B1A0-8120A74D07E7}.Debug|x86.Build.0 = Debug|Any CPU
		{4831B7EF-F643-4B01-B1A0-8120A74D07E7}.Release|Any CPU.ActiveCfg = Release|Any CPU
		{4831B7EF-F643-4B01-B1A0-8120A74D07E7}.Release|Any CPU.Build.0 = Release|Any CPU
		{4831B7EF-F643-4B01-B1A0-8120A74D07E7}.Release|x64.ActiveCfg = Release|Any CPU
		{4831B7EF-F643-4B01-B1A0-8120A74D07E7}.Release|x64.Build.0 = Release|Any CPU
		{4831B7EF-F643-4B01-B1A0-8120A74D07E7}.Release|x86.ActiveCfg = Release|Any CPU
		{4831B7EF-F643-4B01-B1A0-8120A74D07E7}.Release|x86.Build.0 = Release|Any CPU
	EndGlobalSection
	GlobalSection(SolutionProperties) = preSolution
		HideSolutionNode = FALSE
	EndGlobalSection
	GlobalSection(NestedProjects) = preSolution
		{AC1726E6-E1DA-45AF-BD40-20E7602A22E0} = {827E0CD3-B72D-47B6-A68D-7590B98EB39B}
		{4CCAC5AB-B80B-4C70-B899-A48FB46D9D10} = {827E0CD3-B72D-47B6-A68D-7590B98EB39B}
		{219832CC-8BA8-4CA1-8B06-787EC5311BFA} = {827E0CD3-B72D-47B6-A68D-7590B98EB39B}
		{29FDA15C-A183-4763-8623-789F63B1325B} = {827E0CD3-B72D-47B6-A68D-7590B98EB39B}
		{97E9859D-DC33-4BEC-9308-2E97A4400531} = {0AB3BF05-4346-4AA6-1389-037BE0695223}
		{99220196-0952-480D-95D4-E4A721CA717C} = {0AB3BF05-4346-4AA6-1389-037BE0695223}
		{4831B7EF-F643-4B01-B1A0-8120A74D07E7} = {0AB3BF05-4346-4AA6-1389-037BE0695223}
	EndGlobalSection
EndGlobal
